
Microsoft Visual Studio Solution File, Format Version 12.00
# Visual Studio Version 16
VisualStudioVersion = 16.0.31205.134
MinimumVisualStudioVersion = 10.0.40219.1
Project("{2150E333-8FDC-42A3-9474-1A3956D46DE8}") = "3 - Data", "3 - Data", "{28CD00CB-0E61-44D6-8C5E-A77954DB052F}"
EndProject
Project("{2150E333-8FDC-42A3-9474-1A3956D46DE8}") = "1 - Presentation", "1 - Presentation", "{DCBAE541-8388-4635-964C-5D79FCEE2C96}"
EndProject
Project("{2150E333-8FDC-42A3-9474-1A3956D46DE8}") = "2 - Business", "2 - Business", "{6279E7C4-1292-43DB-858E-1CA6AB640831}"
EndProject
Project("{9A19103F-16F7-4668-BE54-9A1E7A4F7556}") = "BLL", "BLL\BLL.csproj", "{8B65E44B-BED4-4F3E-9A43-65635C1E841C}"
EndProject
Project("{2150E333-8FDC-42A3-9474-1A3956D46DE8}") = "Tests", "Tests", "{B437D8D2-5530-49E8-96E2-51456A84DC1C}"
EndProject
Project("{2150E333-8FDC-42A3-9474-1A3956D46DE8}") = "2 - Business", "2 - Business", "{AC7321A0-5A12-4B5A-95E5-DD415169DFB9}"
EndProject
Project("{9A19103F-16F7-4668-BE54-9A1E7A4F7556}") = "BLL.Tests", "BLL.Tests\BLL.Tests.csproj", "{9E40DEB6-8BE3-47DC-A195-5AA4642DEBD3}"
EndProject
Project("{9A19103F-16F7-4668-BE54-9A1E7A4F7556}") = "MVC", "MVC\MVC.csproj", "{0716EE73-3FFD-42E2-B871-C8DF4CD039F1}"
EndProject
Project("{9A19103F-16F7-4668-BE54-9A1E7A4F7556}") = "API", "API\API.csproj", "{2E947D0E-4482-435B-ABCF-C3C86F76A3EC}"
EndProject
Project("{9A19103F-16F7-4668-BE54-9A1E7A4F7556}") = "DAL", "DAL\DAL.csproj", "{3F68CBE7-4F5D-45F0-BDA0-A834080AB954}"
EndProject
Global
	GlobalSection(SolutionConfigurationPlatforms) = preSolution
		Debug|Any CPU = Debug|Any CPU
		Release|Any CPU = Release|Any CPU
	EndGlobalSection
	GlobalSection(ProjectConfigurationPlatforms) = postSolution
		{8B65E44B-BED4-4F3E-9A43-65635C1E841C}.Debug|Any CPU.ActiveCfg = Debug|Any CPU
		{8B65E44B-BED4-4F3E-9A43-65635C1E841C}.Debug|Any CPU.Build.0 = Debug|Any CPU
		{8B65E44B-BED4-4F3E-9A43-65635C1E841C}.Release|Any CPU.ActiveCfg = Release|Any CPU
		{8B65E44B-BED4-4F3E-9A43-65635C1E841C}.Release|Any CPU.Build.0 = Release|Any CPU
		{9E40DEB6-8BE3-47DC-A195-5AA4642DEBD3}.Debug|Any CPU.ActiveCfg = Debug|Any CPU
		{9E40DEB6-8BE3-47DC-A195-5AA4642DEBD3}.Debug|Any CPU.Build.0 = Debug|Any CPU
		{9E40DEB6-8BE3-47DC-A195-5AA4642DEBD3}.Release|Any CPU.ActiveCfg = Release|Any CPU
		{9E40DEB6-8BE3-47DC-A195-5AA4642DEBD3}.Release|Any CPU.Build.0 = Release|Any CPU
		{0716EE73-3FFD-42E2-B871-C8DF4CD039F1}.Debug|Any CPU.ActiveCfg = Debug|Any CPU
		{0716EE73-3FFD-42E2-B871-C8DF4CD039F1}.Debug|Any CPU.Build.0 = Debug|Any CPU
		{0716EE73-3FFD-42E2-B871-C8DF4CD039F1}.Release|Any CPU.ActiveCfg = Release|Any CPU
		{0716EE73-3FFD-42E2-B871-C8DF4CD039F1}.Release|Any CPU.Build.0 = Release|Any CPU
		{2E947D0E-4482-435B-ABCF-C3C86F76A3EC}.Debug|Any CPU.ActiveCfg = Debug|Any CPU
		{2E947D0E-4482-435B-ABCF-C3C86F76A3EC}.Debug|Any CPU.Build.0 = Debug|Any CPU
		{2E947D0E-4482-435B-ABCF-C3C86F76A3EC}.Release|Any CPU.ActiveCfg = Release|Any CPU
		{2E947D0E-4482-435B-ABCF-C3C86F76A3EC}.Release|Any CPU.Build.0 = Release|Any CPU
		{3F68CBE7-4F5D-45F0-BDA0-A834080AB954}.Debug|Any CPU.ActiveCfg = Debug|Any CPU
		{3F68CBE7-4F5D-45F0-BDA0-A834080AB954}.Debug|Any CPU.Build.0 = Debug|Any CPU
		{3F68CBE7-4F5D-45F0-BDA0-A834080AB954}.Release|Any CPU.ActiveCfg = Release|Any CPU
		{3F68CBE7-4F5D-45F0-BDA0-A834080AB954}.Release|Any CPU.Build.0 = Release|Any CPU
	EndGlobalSection
	GlobalSection(SolutionProperties) = preSolution
		HideSolutionNode = FALSE
	EndGlobalSection
	GlobalSection(NestedProjects) = preSolution
		{8B65E44B-BED4-4F3E-9A43-65635C1E841C} = {6279E7C4-1292-43DB-858E-1CA6AB640831}
		{AC7321A0-5A12-4B5A-95E5-DD415169DFB9} = {B437D8D2-5530-49E8-96E2-51456A84DC1C}
		{9E40DEB6-8BE3-47DC-A195-5AA4642DEBD3} = {AC7321A0-5A12-4B5A-95E5-DD415169DFB9}
		{0716EE73-3FFD-42E2-B871-C8DF4CD039F1} = {DCBAE541-8388-4635-964C-5D79FCEE2C96}
		{2E947D0E-4482-435B-ABCF-C3C86F76A3EC} = {DCBAE541-8388-4635-964C-5D79FCEE2C96}
		{3F68CBE7-4F5D-45F0-BDA0-A834080AB954} = {28CD00CB-0E61-44D6-8C5E-A77954DB052F}
	EndGlobalSection
	GlobalSection(ExtensibilityGlobals) = postSolution
		SolutionGuid = {A6E86CF8-4D59-4975-8692-FD8649A4A70C}
	EndGlobalSection
EndGlobal
